// !$*UTF8*$!
{
	archiveVersion = 1;
	classes = {
	};
	objectVersion = 46;
	objects = {

/* Begin PBXBuildFile section */
		92C0913A1A3C43DE0000772B /* AppDelegate.swift in Sources */ = {isa = PBXBuildFile; fileRef = 92C091391A3C43DE0000772B /* AppDelegate.swift */; };
		92C0913C1A3C43DE0000772B /* ViewController.swift in Sources */ = {isa = PBXBuildFile; fileRef = 92C0913B1A3C43DE0000772B /* ViewController.swift */; };
		92C0913F1A3C43DE0000772B /* Main.storyboard in Resources */ = {isa = PBXBuildFile; fileRef = 92C0913D1A3C43DE0000772B /* Main.storyboard */; };
		92C091411A3C43DE0000772B /* Images.xcassets in Resources */ = {isa = PBXBuildFile; fileRef = 92C091401A3C43DE0000772B /* Images.xcassets */; };
		92C091441A3C43DE0000772B /* LaunchScreen.xib in Resources */ = {isa = PBXBuildFile; fileRef = 92C091421A3C43DE0000772B /* LaunchScreen.xib */; };
		92C091501A3C43DE0000772B /* FaceCameraTests.swift in Sources */ = {isa = PBXBuildFile; fileRef = 92C0914F1A3C43DE0000772B /* FaceCameraTests.swift */; };
/* End PBXBuildFile section */

/* Begin PBXContainerItemProxy section */
		92C0914A1A3C43DE0000772B /* PBXContainerItemProxy */ = {
			isa = PBXContainerItemProxy;
			containerPortal = 92C0912C1A3C43DE0000772B /* Project object */;
			proxyType = 1;
			remoteGlobalIDString = 92C091331A3C43DE0000772B;
			remoteInfo = FaceCamera;
		};
/* End PBXContainerItemProxy section */

/* Begin PBXFileReference section */
		92C091341A3C43DE0000772B /* FaceCamera.app */ = {isa = PBXFileReference; explicitFileType = wrapper.application; includeInIndex = 0; path = FaceCamera.app; sourceTree = BUILT_PRODUCTS_DIR; };
		92C091381A3C43DE0000772B /* Info.plist */ = {isa = PBXFileReference; lastKnownFileType = text.plist.xml; path = Info.plist; sourceTree = "<group>"; };
		92C091391A3C43DE0000772B /* AppDelegate.swift */ = {isa = PBXFileReference; lastKnownFileType = sourcecode.swift; path = AppDelegate.swift; sourceTree = "<group>"; };
		92C0913B1A3C43DE0000772B /* ViewController.swift */ = {isa = PBXFileReference; lastKnownFileType = sourcecode.swift; path = ViewController.swift; sourceTree = "<group>"; };
		92C0913E1A3C43DE0000772B /* Base */ = {isa = PBXFileReference; lastKnownFileType = file.storyboard; name = Base; path = Base.lproj/Main.storyboard; sourceTree = "<group>"; };
		92C091401A3C43DE0000772B /* Images.xcassets */ = {isa = PBXFileReference; lastKnownFileType = folder.assetcatalog; path = Images.xcassets; sourceTree = "<group>"; };
		92C091431A3C43DE0000772B /* Base */ = {isa = PBXFileReference; lastKnownFileType = file.xib; name = Base; path = Base.lproj/LaunchScreen.xib; sourceTree = "<group>"; };
		92C091491A3C43DE0000772B /* FaceCameraTests.xctest */ = {isa = PBXFileReference; explicitFileType = wrapper.cfbundle; includeInIndex = 0; path = FaceCameraTests.xctest; sourceTree = BUILT_PRODUCTS_DIR; };
		92C0914E1A3C43DE0000772B /* Info.plist */ = {isa = PBXFileReference; lastKnownFileType = text.plist.xml; path = Info.plist; sourceTree = "<group>"; };
		92C0914F1A3C43DE0000772B /* FaceCameraTests.swift */ = {isa = PBXFileReference; lastKnownFileType = sourcecode.swift; path = FaceCameraTests.swift; sourceTree = "<group>"; };
/* End PBXFileReference section */

/* Begin PBXFrameworksBuildPhase section */
		92C091311A3C43DE0000772B /* Frameworks */ = {
			isa = PBXFrameworksBuildPhase;
			buildActionMask = 2147483647;
			files = (
			);
			runOnlyForDeploymentPostprocessing = 0;
		};
		92C091461A3C43DE0000772B /* Frameworks */ = {
			isa = PBXFrameworksBuildPhase;
			buildActionMask = 2147483647;
			files = (
			);
			runOnlyForDeploymentPostprocessing = 0;
		};
/* End PBXFrameworksBuildPhase section */

/* Begin PBXGroup section */
		92C0912B1A3C43DE0000772B = {
			isa = PBXGroup;
			children = (
				92C091361A3C43DE0000772B /* FaceCamera */,
				92C0914C1A3C43DE0000772B /* FaceCameraTests */,
				92C091351A3C43DE0000772B /* Products */,
			);
			sourceTree = "<group>";
		};
		92C091351A3C43DE0000772B /* Products */ = {
			isa = PBXGroup;
			children = (
				92C091341A3C43DE0000772B /* FaceCamera.app */,
				92C091491A3C43DE0000772B /* FaceCameraTests.xctest */,
			);
			name = Products;
			sourceTree = "<group>";
		};
		92C091361A3C43DE0000772B /* FaceCamera */ = {
			isa = PBXGroup;
			children = (
				92C091391A3C43DE0000772B /* AppDelegate.swift */,
				92C0913B1A3C43DE0000772B /* ViewController.swift */,
				92C0913D1A3C43DE0000772B /* Main.storyboard */,
				92C091401A3C43DE0000772B /* Images.xcassets */,
				92C091421A3C43DE0000772B /* LaunchScreen.xib */,
				92C091371A3C43DE0000772B /* Supporting Files */,
			);
			path = FaceCamera;
			sourceTree = "<group>";
		};
		92C091371A3C43DE0000772B /* Supporting Files */ = {
			isa = PBXGroup;
			children = (
				92C091381A3C43DE0000772B /* Info.plist */,
			);
			name = "Supporting Files";
			sourceTree = "<group>";
		};
		92C0914C1A3C43DE0000772B /* FaceCameraTests */ = {
			isa = PBXGroup;
			children = (
				92C0914F1A3C43DE0000772B /* FaceCameraTests.swift */,
				92C0914D1A3C43DE0000772B /* Supporting Files */,
			);
			path = FaceCameraTests;
			sourceTree = "<group>";
		};
		92C0914D1A3C43DE0000772B /* Supporting Files */ = {
			isa = PBXGroup;
			children = (
				92C0914E1A3C43DE0000772B /* Info.plist */,
			);
			name = "Supporting Files";
			sourceTree = "<group>";
		};
/* End PBXGroup section */

/* Begin PBXNativeTarget section */
		92C091331A3C43DE0000772B /* FaceCamera */ = {
			isa = PBXNativeTarget;
			buildConfigurationList = 92C091531A3C43DE0000772B /* Build configuration list for PBXNativeTarget "FaceCamera" */;
			buildPhases = (
				92C091301A3C43DE0000772B /* Sources */,
				92C091311A3C43DE0000772B /* Frameworks */,
				92C091321A3C43DE0000772B /* Resources */,
			);
			buildRules = (
			);
			dependencies = (
			);
			name = FaceCamera;
			productName = FaceCamera;
			productReference = 92C091341A3C43DE0000772B /* FaceCamera.app */;
			productType = "com.apple.product-type.application";
		};
		92C091481A3C43DE0000772B /* FaceCameraTests */ = {
			isa = PBXNativeTarget;
			buildConfigurationList = 92C091561A3C43DE0000772B /* Build configuration list for PBXNativeTarget "FaceCameraTests" */;
			buildPhases = (
				92C091451A3C43DE0000772B /* Sources */,
				92C091461A3C43DE0000772B /* Frameworks */,
				92C091471A3C43DE0000772B /* Resources */,
			);
			buildRules = (
			);
			dependencies = (
				92C0914B1A3C43DE0000772B /* PBXTargetDependency */,
			);
			name = FaceCameraTests;
			productName = FaceCameraTests;
			productReference = 92C091491A3C43DE0000772B /* FaceCameraTests.xctest */;
			productType = "com.apple.product-type.bundle.unit-test";
		};
/* End PBXNativeTarget section */

/* Begin PBXProject section */
		92C0912C1A3C43DE0000772B /* Project object */ = {
			isa = PBXProject;
			attributes = {
				LastUpgradeCheck = 0610;
				ORGANIZATIONNAME = Spyc;
				TargetAttributes = {
					92C091331A3C43DE0000772B = {
						CreatedOnToolsVersion = 6.1.1;
						DevelopmentTeam = QS65YAY9A7;
					};
					92C091481A3C43DE0000772B = {
						CreatedOnToolsVersion = 6.1.1;
						TestTargetID = 92C091331A3C43DE0000772B;
					};
				};
			};
			buildConfigurationList = 92C0912F1A3C43DE0000772B /* Build configuration list for PBXProject "FaceCamera" */;
			compatibilityVersion = "Xcode 3.2";
			developmentRegion = English;
			hasScannedForEncodings = 0;
			knownRegions = (
				en,
				Base,
			);
			mainGroup = 92C0912B1A3C43DE0000772B;
			productRefGroup = 92C091351A3C43DE0000772B /* Products */;
			projectDirPath = "";
			projectRoot = "";
			targets = (
				92C091331A3C43DE0000772B /* FaceCamera */,
				92C091481A3C43DE0000772B /* FaceCameraTests */,
			);
		};
/* End PBXProject section */

/* Begin PBXResourcesBuildPhase section */
		92C091321A3C43DE0000772B /* Resources */ = {
			isa = PBXResourcesBuildPhase;
			buildActionMask = 2147483647;
			files = (
				92C0913F1A3C43DE0000772B /* Main.storyboard in Resources */,
				92C091441A3C43DE0000772B /* LaunchScreen.xib in Resources */,
				92C091411A3C43DE0000772B /* Images.xcassets in Resources */,
			);
			runOnlyForDeploymentPostprocessing = 0;
		};
		92C091471A3C43DE0000772B /* Resources */ = {
			isa = PBXResourcesBuildPhase;
			buildActionMask = 2147483647;
			files = (
			);
			runOnlyForDeploymentPostprocessing = 0;
		};
/* End PBXResourcesBuildPhase section */

/* Begin PBXSourcesBuildPhase section */
		92C091301A3C43DE0000772B /* Sources */ = {
			isa = PBXSourcesBuildPhase;
			buildActionMask = 2147483647;
			files = (
				92C0913C1A3C43DE0000772B /* ViewController.swift in Sources */,
				92C0913A1A3C43DE0000772B /* AppDelegate.swift in Sources */,
			);
			runOnlyForDeploymentPostprocessing = 0;
		};
		92C091451A3C43DE0000772B /* Sources */ = {
			isa = PBXSourcesBuildPhase;
			buildActionMask = 2147483647;
			files = (
				92C091501A3C43DE0000772B /* FaceCameraTests.swift in Sources */,
			);
			runOnlyForDeploymentPostprocessing = 0;
		};
/* End PBXSourcesBuildPhase section */

/* Begin PBXTargetDependency section */
		92C0914B1A3C43DE0000772B /* PBXTargetDependency */ = {
			isa = PBXTargetDependency;
			target = 92C091331A3C43DE0000772B /* FaceCamera */;
			targetProxy = 92C0914A1A3C43DE0000772B /* PBXContainerItemProxy */;
		};
/* End PBXTargetDependency section */

/* Begin PBXVariantGroup section */
		92C0913D1A3C43DE0000772B /* Main.storyboard */ = {
			isa = PBXVariantGroup;
			children = (
				92C0913E1A3C43DE0000772B /* Base */,
			);
			name = Main.storyboard;
			sourceTree = "<group>";
		};
		92C091421A3C43DE0000772B /* LaunchScreen.xib */ = {
			isa = PBXVariantGroup;
			children = (
				92C091431A3C43DE0000772B /* Base */,
			);
			name = LaunchScreen.xib;
			sourceTree = "<group>";
		};
/* End PBXVariantGroup section */

/* Begin XCBuildConfiguration section */
		92C091511A3C43DE0000772B /* Debug */ = {
			isa = XCBuildConfiguration;
			buildSettings = {
				ALWAYS_SEARCH_USER_PATHS = NO;
				CLANG_CXX_LANGUAGE_STANDARD = "gnu++0x";
				CLANG_CXX_LIBRARY = "libc++";
				CLANG_ENABLE_MODULES = YES;
				CLANG_ENABLE_OBJC_ARC = YES;
				CLANG_WARN_BOOL_CONVERSION = YES;
				CLANG_WARN_CONSTANT_CONVERSION = YES;
				CLANG_WARN_DIRECT_OBJC_ISA_USAGE = YES_ERROR;
				CLANG_WARN_EMPTY_BODY = YES;
				CLANG_WARN_ENUM_CONVERSION = YES;
				CLANG_WARN_INT_CONVERSION = YES;
				CLANG_WARN_OBJC_ROOT_CLASS = YES_ERROR;
				CLANG_WARN_UNREACHABLE_CODE = YES;
				CLANG_WARN__DUPLICATE_METHOD_MATCH = YES;
				CODE_SIGN_IDENTITY = "iPhone Developer: kota kaneko (M4ARTF58Z5)";
				"CODE_SIGN_IDENTITY[sdk=iphoneos*]" = "iPhone Developer: kota kaneko (M4ARTF58Z5)";
				COPY_PHASE_STRIP = NO;
				ENABLE_STRICT_OBJC_MSGSEND = YES;
				GCC_C_LANGUAGE_STANDARD = gnu99;
				GCC_DYNAMIC_NO_PIC = NO;
				GCC_OPTIMIZATION_LEVEL = 0;
				GCC_PREPROCESSOR_DEFINITIONS = (
					"DEBUG=1",
					"$(inherited)",
				);
				GCC_SYMBOLS_PRIVATE_EXTERN = NO;
				GCC_WARN_64_TO_32_BIT_CONVERSION = YES;
				GCC_WARN_ABOUT_RETURN_TYPE = YES_ERROR;
				GCC_WARN_UNDECLARED_SELECTOR = YES;
				GCC_WARN_UNINITIALIZED_AUTOS = YES_AGGRESSIVE;
				GCC_WARN_UNUSED_FUNCTION = YES;
				GCC_WARN_UNUSED_VARIABLE = YES;
				IPHONEOS_DEPLOYMENT_TARGET = 8.1;
				MTL_ENABLE_DEBUG_INFO = YES;
				ONLY_ACTIVE_ARCH = YES;
				PROVISIONING_PROFILE = "eb5b1085-f728-4b1c-aaa0-4408bc49011c";
				SDKROOT = iphoneos;
				SWIFT_OPTIMIZATION_LEVEL = "-Onone";
			};
			name = Debug;
		};
		92C091521A3C43DE0000772B /* Release */ = {
			isa = XCBuildConfiguration;
			buildSettings = {
				ALWAYS_SEARCH_USER_PATHS = NO;
				CLANG_CXX_LANGUAGE_STANDARD = "gnu++0x";
				CLANG_CXX_LIBRARY = "libc++";
				CLANG_ENABLE_MODULES = YES;
				CLANG_ENABLE_OBJC_ARC = YES;
				CLANG_WARN_BOOL_CONVERSION = YES;
				CLANG_WARN_CONSTANT_CONVERSION = YES;
				CLANG_WARN_DIRECT_OBJC_ISA_USAGE = YES_ERROR;
				CLANG_WARN_EMPTY_BODY = YES;
				CLANG_WARN_ENUM_CONVERSION = YES;
				CLANG_WARN_INT_CONVERSION = YES;
				CLANG_WARN_OBJC_ROOT_CLASS = YES_ERROR;
				CLANG_WARN_UNREACHABLE_CODE = YES;
				CLANG_WARN__DUPLICATE_METHOD_MATCH = YES;
				CODE_SIGN_IDENTITY = "iPhone Developer: kota kaneko (M4ARTF58Z5)";
				"CODE_SIGN_IDENTITY[sdk=iphoneos*]" = "iPhone Developer: kota kaneko (M4ARTF58Z5)";
				COPY_PHASE_STRIP = YES;
				ENABLE_NS_ASSERTIONS = NO;
				ENABLE_STRICT_OBJC_MSGSEND = YES;
				GCC_C_LANGUAGE_STANDARD = gnu99;
				GCC_WARN_64_TO_32_BIT_CONVERSION = YES;
				GCC_WARN_ABOUT_RETURN_TYPE = YES_ERROR;
				GCC_WARN_UNDECLARED_SELECTOR = YES;
				GCC_WARN_UNINITIALIZED_AUTOS = YES_AGGRESSIVE;
				GCC_WARN_UNUSED_FUNCTION = YES;
				GCC_WARN_UNUSED_VARIABLE = YES;
				IPHONEOS_DEPLOYMENT_TARGET = 8.1;
				MTL_ENABLE_DEBUG_INFO = NO;
				PROVISIONING_PROFILE = "eb5b1085-f728-4b1c-aaa0-4408bc49011c";
				SDKROOT = iphoneos;
				VALIDATE_PRODUCT = YES;
			};
			name = Release;
		};
		92C091541A3C43DE0000772B /* Debug */ = {
			isa = XCBuildConfiguration;
			buildSettings = {
				ASSETCATALOG_COMPILER_APPICON_NAME = AppIcon;
				CODE_SIGN_IDENTITY = "iPhone Developer: kota kaneko (M4ARTF58Z5)";
				INFOPLIST_FILE = FaceCamera/Info.plist;
				IPHONEOS_DEPLOYMENT_TARGET = 8.1;
				LD_RUNPATH_SEARCH_PATHS = "$(inherited) @executable_path/Frameworks";
				PRODUCT_NAME = "$(TARGET_NAME)";
				PROVISIONING_PROFILE = "eb5b1085-f728-4b1c-aaa0-4408bc49011c";
			};
			name = Debug;
		};
		92C091551A3C43DE0000772B /* Release */ = {
			isa = XCBuildConfiguration;
			buildSettings = {
				ASSETCATALOG_COMPILER_APPICON_NAME = AppIcon;
				CODE_SIGN_IDENTITY = "iPhone Developer: kota kaneko (M4ARTF58Z5)";
				INFOPLIST_FILE = FaceCamera/Info.plist;
				IPHONEOS_DEPLOYMENT_TARGET = 8.1;
				LD_RUNPATH_SEARCH_PATHS = "$(inherited) @executable_path/Frameworks";
				PRODUCT_NAME = "$(TARGET_NAME)";
				PROVISIONING_PROFILE = "eb5b1085-f728-4b1c-aaa0-4408bc49011c";
			};
			name = Release;
		};
		92C091571A3C43DE0000772B /* Debug */ = {
			isa = XCBuildConfiguration;
			buildSettings = {
				BUNDLE_LOADER = "$(TEST_HOST)";
				FRAMEWORK_SEARCH_PATHS = (
					"$(SDKROOT)/Developer/Library/Frameworks",
					"$(inherited)",
				);
				GCC_PREPROCESSOR_DEFINITIONS = (
					"DEBUG=1",
					"$(inherited)",
				);
				INFOPLIST_FILE = FaceCameraTests/Info.plist;
				LD_RUNPATH_SEARCH_PATHS = "$(inherited) @executable_path/Frameworks @loader_path/Frameworks";
				PRODUCT_NAME = "$(TARGET_NAME)";
				TEST_HOST = "$(BUILT_PRODUCTS_DIR)/FaceCamera.app/FaceCamera";
			};
			name = Debug;
		};
		92C091581A3C43DE0000772B /* Release */ = {
			isa = XCBuildConfiguration;
			buildSettings = {
				BUNDLE_LOADER = "$(TEST_HOST)";
				FRAMEWORK_SEARCH_PATHS = (
					"$(SDKROOT)/Developer/Library/Frameworks",
					"$(inherited)",
				);
				INFOPLIST_FILE = FaceCameraTests/Info.plist;
				LD_RUNPATH_SEARCH_PATHS = "$(inherited) @executable_path/Frameworks @loader_path/Frameworks";
				PRODUCT_NAME = "$(TARGET_NAME)";
				TEST_HOST = "$(BUILT_PRODUCTS_DIR)/FaceCamera.app/FaceCamera";
			};
			name = Release;
		};
/* End XCBuildConfiguration section */

/* Begin XCConfigurationList section */
		92C0912F1A3C43DE0000772B /* Build configuration list for PBXProject "FaceCamera" */ = {
			isa = XCConfigurationList;
			buildConfigurations = (
				92C091511A3C43DE0000772B /* Debug */,
				92C091521A3C43DE0000772B /* Release */,
			);
			defaultConfigurationIsVisible = 0;
			defaultConfigurationName = Release;
		};
		92C091531A3C43DE0000772B /* Build configuration list for PBXNativeTarget "FaceCamera" */ = {
			isa = XCConfigurationList;
			buildConfigurations = (
				92C091541A3C43DE0000772B /* Debug */,
				92C091551A3C43DE0000772B /* Release */,
			);
			defaultConfigurationIsVisible = 0;
		};
		92C091561A3C43DE0000772B /* Build configuration list for PBXNativeTarget "FaceCameraTests" */ = {
			isa = XCConfigurationList;
			buildConfigurations = (
				92C091571A3C43DE0000772B /* Debug */,
				92C091581A3C43DE0000772B /* Release */,
			);
			defaultConfigurationIsVisible = 0;
		};
/* End XCConfigurationList section */
	};
	rootObject = 92C0912C1A3C43DE0000772B /* Project object */;
}
